
Microsoft Visual Studio Solution File, Format Version 12.00
# Visual Studio 15
VisualStudioVersion = 15.0.26124.0
MinimumVisualStudioVersion = 15.0.26124.0
Project("{F2A71F9B-5D33-465A-A702-920D77279786}") = "Dotnet.Interactive.Extension.Plotly.Net", "Dotnet.Interactive.Extension.Plotly.Net\Dotnet.Interactive.Extension.Plotly.Net.fsproj", "{808D354D-D37F-4CC2-A2C1-ECC75E39B5DC}"
EndProject
Global
	GlobalSection(SolutionConfigurationPlatforms) = preSolution
		Debug|Any CPU = Debug|Any CPU
		Debug|x64 = Debug|x64
		Debug|x86 = Debug|x86
		Release|Any CPU = Release|Any CPU
		Release|x64 = Release|x64
		Release|x86 = Release|x86
	EndGlobalSection
	GlobalSection(SolutionProperties) = preSolution
		HideSolutionNode = FALSE
	EndGlobalSection
	GlobalSection(ProjectConfigurationPlatforms) = postSolution
		{808D354D-D37F-4CC2-A2C1-ECC75E39B5DC}.Debug|Any CPU.ActiveCfg = Debug|Any CPU
		{808D354D-D37F-4CC2-A2C1-ECC75E39B5DC}.Debug|Any CPU.Build.0 = Debug|Any CPU
		{808D354D-D37F-4CC2-A2C1-ECC75E39B5DC}.Debug|x64.ActiveCfg = Debug|Any CPU
		{808D354D-D37F-4CC2-A2C1-ECC75E39B5DC}.Debug|x64.Build.0 = Debug|Any CPU
		{808D354D-D37F-4CC2-A2C1-ECC75E39B5DC}.Debug|x86.ActiveCfg = Debug|Any CPU
		{808D354D-D37F-4CC2-A2C1-ECC75E39B5DC}.Debug|x86.Build.0 = Debug|Any CPU
		{808D354D-D37F-4CC2-A2C1-ECC75E39B5DC}.Release|Any CPU.ActiveCfg = Release|Any CPU
		{808D354D-D37F-4CC2-A2C1-ECC75E39B5DC}.Release|Any CPU.Build.0 = Release|Any CPU
		{808D354D-D37F-4CC2-A2C1-ECC75E39B5DC}.Release|x64.ActiveCfg = Release|Any CPU
		{808D354D-D37F-4CC2-A2C1-ECC75E39B5DC}.Release|x64.Build.0 = Release|Any CPU
		{808D354D-D37F-4CC2-A2C1-ECC75E39B5DC}.Release|x86.ActiveCfg = Release|Any CPU
		{808D354D-D37F-4CC2-A2C1-ECC75E39B5DC}.Release|x86.Build.0 = Release|Any CPU
	EndGlobalSection
EndGlobal
